
Microsoft Visual Studio Solution File, Format Version 12.00
# Visual Studio 14
VisualStudioVersion = 14.0.25420.1
MinimumVisualStudioVersion = 10.0.40219.1
Project("{FAE04EC0-301F-11D3-BF4B-00C04F79EFBC}") = "EnglishCalssManager", "EnglishCalssManager\EnglishCalssManager.csproj", "{A5B2162D-4867-4163-BD19-3BCDD4E63F03}"
EndProject
Project("{FAE04EC0-301F-11D3-BF4B-00C04F79EFBC}") = "SmartCardSystem", "..\..\driver\SmartCardSystem\SmartCardSystem\SmartCardSystem.csproj", "{C7E0256C-761F-4A97-861C-3ED6CF07DDA9}"
EndProject
Global
	GlobalSection(SolutionConfigurationPlatforms) = preSolution
		Debug|Any CPU = Debug|Any CPU
		Release|Any CPU = Release|Any CPU
	EndGlobalSection
	GlobalSection(ProjectConfigurationPlatforms) = postSolution
		{A5B2162D-4867-4163-BD19-3BCDD4E63F03}.Debug|Any CPU.ActiveCfg = Debug|Any CPU
		{A5B2162D-4867-4163-BD19-3BCDD4E63F03}.Debug|Any CPU.Build.0 = Debug|Any CPU
		{A5B2162D-4867-4163-BD19-3BCDD4E63F03}.Release|Any CPU.ActiveCfg = Release|Any CPU
		{A5B2162D-4867-4163-BD19-3BCDD4E63F03}.Release|Any CPU.Build.0 = Release|Any CPU
		{C7E0256C-761F-4A97-861C-3ED6CF07DDA9}.Debug|Any CPU.ActiveCfg = Debug|Any CPU
		{C7E0256C-761F-4A97-861C-3ED6CF07DDA9}.Debug|Any CPU.Build.0 = Debug|Any CPU
		{C7E0256C-761F-4A97-861C-3ED6CF07DDA9}.Release|Any CPU.ActiveCfg = Release|Any CPU
		{C7E0256C-761F-4A97-861C-3ED6CF07DDA9}.Release|Any CPU.Build.0 = Release|Any CPU
	EndGlobalSection
	GlobalSection(SolutionProperties) = preSolution
		HideSolutionNode = FALSE
	EndGlobalSection
EndGlobal
